
Microsoft Visual Studio Solution File, Format Version 12.00
# Visual Studio Version 17
VisualStudioVersion = 17.10.35122.118
MinimumVisualStudioVersion = 10.0.40219.1
Project("{8BC9CEB8-8B4A-11D0-8D11-00A0C91BC942}") = "runluau-template", "runluau-template\runluau-template.vcxproj", "{B0A73A0B-5986-449A-93E2-BCB5B8B7D2B0}"
EndProject
Project("{8BC9CEB8-8B4A-11D0-8D11-00A0C91BC942}") = "runluau-filesystem", "runluau-filesystem\runluau-filesystem.vcxproj", "{1A10B824-6D21-4413-9A90-A399453377CD}"
EndProject
Project("{8BC9CEB8-8B4A-11D0-8D11-00A0C91BC942}") = "runluau-luau", "runluau-luau\runluau-luau.vcxproj", "{A1B8C0E6-29D9-4794-B012-ED94B722C801}"
EndProject
Project("{8BC9CEB8-8B4A-11D0-8D11-00A0C91BC942}") = "runluau-betterprint", "runluau-betterprint\runluau-betterprint.vcxproj", "{286A31B2-F66E-42F6-A2EA-3D33E6BAC454}"
EndProject
Project("{8BC9CEB8-8B4A-11D0-8D11-00A0C91BC942}") = "runluau-task", "runluau-task\runluau-task.vcxproj", "{AB5D1AD7-BD38-47FE-8FEA-396213C7B0C2}"
EndProject
Project("{8BC9CEB8-8B4A-11D0-8D11-00A0C91BC942}") = "runluau-stringnet", "runluau-stringnet\runluau-stringnet.vcxproj", "{3FE2678F-8A12-4A17-B143-98651E6126CF}"
EndProject
Project("{8BC9CEB8-8B4A-11D0-8D11-00A0C91BC942}") = "runluau-net", "runluau-net\runluau-net.vcxproj", "{1445CB1E-65DD-4F69-A7FB-F4495E276676}"
EndProject
Global
	GlobalSection(SolutionConfigurationPlatforms) = preSolution
		Debug|x64 = Debug|x64
		Debug|x86 = Debug|x86
		Release|x64 = Release|x64
		Release|x86 = Release|x86
	EndGlobalSection
	GlobalSection(ProjectConfigurationPlatforms) = postSolution
		{B0A73A0B-5986-449A-93E2-BCB5B8B7D2B0}.Debug|x64.ActiveCfg = Debug|x64
		{B0A73A0B-5986-449A-93E2-BCB5B8B7D2B0}.Debug|x64.Build.0 = Debug|x64
		{B0A73A0B-5986-449A-93E2-BCB5B8B7D2B0}.Debug|x86.ActiveCfg = Debug|Win32
		{B0A73A0B-5986-449A-93E2-BCB5B8B7D2B0}.Debug|x86.Build.0 = Debug|Win32
		{B0A73A0B-5986-449A-93E2-BCB5B8B7D2B0}.Release|x64.ActiveCfg = Release|x64
		{B0A73A0B-5986-449A-93E2-BCB5B8B7D2B0}.Release|x64.Build.0 = Release|x64
		{B0A73A0B-5986-449A-93E2-BCB5B8B7D2B0}.Release|x86.ActiveCfg = Release|Win32
		{B0A73A0B-5986-449A-93E2-BCB5B8B7D2B0}.Release|x86.Build.0 = Release|Win32
		{1A10B824-6D21-4413-9A90-A399453377CD}.Debug|x64.ActiveCfg = Debug|x64
		{1A10B824-6D21-4413-9A90-A399453377CD}.Debug|x64.Build.0 = Debug|x64
		{1A10B824-6D21-4413-9A90-A399453377CD}.Debug|x86.ActiveCfg = Debug|Win32
		{1A10B824-6D21-4413-9A90-A399453377CD}.Debug|x86.Build.0 = Debug|Win32
		{1A10B824-6D21-4413-9A90-A399453377CD}.Release|x64.ActiveCfg = Release|x64
		{1A10B824-6D21-4413-9A90-A399453377CD}.Release|x64.Build.0 = Release|x64
		{1A10B824-6D21-4413-9A90-A399453377CD}.Release|x86.ActiveCfg = Release|Win32
		{1A10B824-6D21-4413-9A90-A399453377CD}.Release|x86.Build.0 = Release|Win32
		{A1B8C0E6-29D9-4794-B012-ED94B722C801}.Debug|x64.ActiveCfg = Debug|x64
		{A1B8C0E6-29D9-4794-B012-ED94B722C801}.Debug|x64.Build.0 = Debug|x64
		{A1B8C0E6-29D9-4794-B012-ED94B722C801}.Debug|x86.ActiveCfg = Debug|Win32
		{A1B8C0E6-29D9-4794-B012-ED94B722C801}.Debug|x86.Build.0 = Debug|Win32
		{A1B8C0E6-29D9-4794-B012-ED94B722C801}.Release|x64.ActiveCfg = Release|x64
		{A1B8C0E6-29D9-4794-B012-ED94B722C801}.Release|x64.Build.0 = Release|x64
		{A1B8C0E6-29D9-4794-B012-ED94B722C801}.Release|x86.ActiveCfg = Release|Win32
		{A1B8C0E6-29D9-4794-B012-ED94B722C801}.Release|x86.Build.0 = Release|Win32
		{286A31B2-F66E-42F6-A2EA-3D33E6BAC454}.Debug|x64.ActiveCfg = Debug|x64
		{286A31B2-F66E-42F6-A2EA-3D33E6BAC454}.Debug|x64.Build.0 = Debug|x64
		{286A31B2-F66E-42F6-A2EA-3D33E6BAC454}.Debug|x86.ActiveCfg = Debug|Win32
		{286A31B2-F66E-42F6-A2EA-3D33E6BAC454}.Debug|x86.Build.0 = Debug|Win32
		{286A31B2-F66E-42F6-A2EA-3D33E6BAC454}.Release|x64.ActiveCfg = Release|x64
		{286A31B2-F66E-42F6-A2EA-3D33E6BAC454}.Release|x64.Build.0 = Release|x64
		{286A31B2-F66E-42F6-A2EA-3D33E6BAC454}.Release|x86.ActiveCfg = Release|Win32
		{286A31B2-F66E-42F6-A2EA-3D33E6BAC454}.Release|x86.Build.0 = Release|Win32
		{AB5D1AD7-BD38-47FE-8FEA-396213C7B0C2}.Debug|x64.ActiveCfg = Debug|x64
		{AB5D1AD7-BD38-47FE-8FEA-396213C7B0C2}.Debug|x64.Build.0 = Debug|x64
		{AB5D1AD7-BD38-47FE-8FEA-396213C7B0C2}.Debug|x86.ActiveCfg = Debug|Win32
		{AB5D1AD7-BD38-47FE-8FEA-396213C7B0C2}.Debug|x86.Build.0 = Debug|Win32
		{AB5D1AD7-BD38-47FE-8FEA-396213C7B0C2}.Release|x64.ActiveCfg = Release|x64
		{AB5D1AD7-BD38-47FE-8FEA-396213C7B0C2}.Release|x64.Build.0 = Release|x64
		{AB5D1AD7-BD38-47FE-8FEA-396213C7B0C2}.Release|x86.ActiveCfg = Release|Win32
		{AB5D1AD7-BD38-47FE-8FEA-396213C7B0C2}.Release|x86.Build.0 = Release|Win32
		{3FE2678F-8A12-4A17-B143-98651E6126CF}.Debug|x64.ActiveCfg = Debug|x64
		{3FE2678F-8A12-4A17-B143-98651E6126CF}.Debug|x64.Build.0 = Debug|x64
		{3FE2678F-8A12-4A17-B143-98651E6126CF}.Debug|x86.ActiveCfg = Debug|Win32
		{3FE2678F-8A12-4A17-B143-98651E6126CF}.Debug|x86.Build.0 = Debug|Win32
		{3FE2678F-8A12-4A17-B143-98651E6126CF}.Release|x64.ActiveCfg = Release|x64
		{3FE2678F-8A12-4A17-B143-98651E6126CF}.Release|x64.Build.0 = Release|x64
		{3FE2678F-8A12-4A17-B143-98651E6126CF}.Release|x86.ActiveCfg = Release|Win32
		{3FE2678F-8A12-4A17-B143-98651E6126CF}.Release|x86.Build.0 = Release|Win32
		{1445CB1E-65DD-4F69-A7FB-F4495E276676}.Debug|x64.ActiveCfg = Debug|x64
		{1445CB1E-65DD-4F69-A7FB-F4495E276676}.Debug|x64.Build.0 = Debug|x64
		{1445CB1E-65DD-4F69-A7FB-F4495E276676}.Debug|x86.ActiveCfg = Debug|Win32
		{1445CB1E-65DD-4F69-A7FB-F4495E276676}.Debug|x86.Build.0 = Debug|Win32
		{1445CB1E-65DD-4F69-A7FB-F4495E276676}.Release|x64.ActiveCfg = Release|x64
		{1445CB1E-65DD-4F69-A7FB-F4495E276676}.Release|x64.Build.0 = Release|x64
		{1445CB1E-65DD-4F69-A7FB-F4495E276676}.Release|x86.ActiveCfg = Release|Win32
		{1445CB1E-65DD-4F69-A7FB-F4495E276676}.Release|x86.Build.0 = Release|Win32
	EndGlobalSection
	GlobalSection(SolutionProperties) = preSolution
		HideSolutionNode = FALSE
	EndGlobalSection
	GlobalSection(ExtensibilityGlobals) = postSolution
		SolutionGuid = {A693612E-61F0-498E-AEA0-AC2659C0BEB8}
	EndGlobalSection
EndGlobal
